
Microsoft Visual Studio Solution File, Format Version 12.00
# Visual Studio Version 16
VisualStudioVersion = 16.0.30413.136
MinimumVisualStudioVersion = 10.0.40219.1
Project("{FAE04EC0-301F-11D3-BF4B-00C04F79EFBC}") = "DoAlberta", "DoAlberta\DoAlberta.csproj", "{241690E0-CB2E-4A17-8BEF-906DE0D21A9C}"
EndProject
Global
	GlobalSection(SolutionConfigurationPlatforms) = preSolution
		Debug|Any CPU = Debug|Any CPU
		Release|Any CPU = Release|Any CPU
	EndGlobalSection
	GlobalSection(ProjectConfigurationPlatforms) = postSolution
		{241690E0-CB2E-4A17-8BEF-906DE0D21A9C}.Debug|Any CPU.ActiveCfg = Debug|Any CPU
		{241690E0-CB2E-4A17-8BEF-906DE0D21A9C}.Debug|Any CPU.Build.0 = Debug|Any CPU
		{241690E0-CB2E-4A17-8BEF-906DE0D21A9C}.Release|Any CPU.ActiveCfg = Release|Any CPU
		{241690E0-CB2E-4A17-8BEF-906DE0D21A9C}.Release|Any CPU.Build.0 = Release|Any CPU
	EndGlobalSection
	GlobalSection(SolutionProperties) = preSolution
		HideSolutionNode = FALSE
	EndGlobalSection
	GlobalSection(ExtensibilityGlobals) = postSolution
		SolutionGuid = {46C3DB15-F897-4EF6-B025-DD9D2DC5CF43}
	EndGlobalSection
EndGlobal
